
Microsoft Visual Studio Solution File, Format Version 12.00
# Visual Studio Version 16
VisualStudioVersion = 16.0.30621.155
MinimumVisualStudioVersion = 10.0.40219.1
Project("{2150E333-8FDC-42A3-9474-1A3956D46DE8}") = "Domain", "Domain", "{43150218-6C7B-44C0-BC3C-354231FABFA8}"
EndProject
Project("{2150E333-8FDC-42A3-9474-1A3956D46DE8}") = "Microservices", "Microservices", "{6C8B793C-EF7A-4214-9C12-88D479C68FEC}"
EndProject
Project("{2150E333-8FDC-42A3-9474-1A3956D46DE8}") = "Infra.Bus", "Infra.Bus", "{900184A8-1E07-45FD-AB44-296E73B610AF}"
EndProject
Project("{2150E333-8FDC-42A3-9474-1A3956D46DE8}") = "Infra.IoC", "Infra.IoC", "{62E1267D-EA50-489F-B666-DE55873E3D4B}"
EndProject
Project("{2150E333-8FDC-42A3-9474-1A3956D46DE8}") = "Presentation", "Presentation", "{2B0FD7DA-E4B6-4512-9C77-7B5C0126688B}"
EndProject
Project("{FAE04EC0-301F-11D3-BF4B-00C04F79EFBC}") = "MicroRabbit.Domain.Core", "MicroRabbit.Domain.Core\MicroRabbit.Domain.Core.csproj", "{2FDD29A2-9C64-4D0D-969D-F829D1A89719}"
EndProject
Project("{FAE04EC0-301F-11D3-BF4B-00C04F79EFBC}") = "MicroRabbit.Infra.Bus", "MicroRabbit.Infra.Bus\MicroRabbit.Infra.Bus.csproj", "{330557F0-6F08-4A96-A582-9E7CEE21E3A0}"
EndProject
Global
	GlobalSection(SolutionConfigurationPlatforms) = preSolution
		Debug|Any CPU = Debug|Any CPU
		Release|Any CPU = Release|Any CPU
	EndGlobalSection
	GlobalSection(ProjectConfigurationPlatforms) = postSolution
		{2FDD29A2-9C64-4D0D-969D-F829D1A89719}.Debug|Any CPU.ActiveCfg = Debug|Any CPU
		{2FDD29A2-9C64-4D0D-969D-F829D1A89719}.Debug|Any CPU.Build.0 = Debug|Any CPU
		{2FDD29A2-9C64-4D0D-969D-F829D1A89719}.Release|Any CPU.ActiveCfg = Release|Any CPU
		{2FDD29A2-9C64-4D0D-969D-F829D1A89719}.Release|Any CPU.Build.0 = Release|Any CPU
		{330557F0-6F08-4A96-A582-9E7CEE21E3A0}.Debug|Any CPU.ActiveCfg = Debug|Any CPU
		{330557F0-6F08-4A96-A582-9E7CEE21E3A0}.Debug|Any CPU.Build.0 = Debug|Any CPU
		{330557F0-6F08-4A96-A582-9E7CEE21E3A0}.Release|Any CPU.ActiveCfg = Release|Any CPU
		{330557F0-6F08-4A96-A582-9E7CEE21E3A0}.Release|Any CPU.Build.0 = Release|Any CPU
	EndGlobalSection
	GlobalSection(SolutionProperties) = preSolution
		HideSolutionNode = FALSE
	EndGlobalSection
	GlobalSection(NestedProjects) = preSolution
		{2FDD29A2-9C64-4D0D-969D-F829D1A89719} = {43150218-6C7B-44C0-BC3C-354231FABFA8}
		{330557F0-6F08-4A96-A582-9E7CEE21E3A0} = {900184A8-1E07-45FD-AB44-296E73B610AF}
	EndGlobalSection
	GlobalSection(ExtensibilityGlobals) = postSolution
		SolutionGuid = {C4B9EE8A-A0EE-48BD-AA40-1EED6F2975B0}
	EndGlobalSection
EndGlobal
